// !$*UTF8*$!
{
	archiveVersion = 1;
	classes = {
	};
	objectVersion = 46;
	objects = {

/* Begin PBXBuildFile section */
		231CB6041F4D20B500D2F904 /* AppDelegate.swift in Sources */ = {isa = PBXBuildFile; fileRef = 231CB6031F4D20B500D2F904 /* AppDelegate.swift */; };
		231CB6061F4D20B500D2F904 /* BinsViewController.swift in Sources */ = {isa = PBXBuildFile; fileRef = 231CB6051F4D20B500D2F904 /* BinsViewController.swift */; };
		231CB6091F4D20B500D2F904 /* Main.storyboard in Resources */ = {isa = PBXBuildFile; fileRef = 231CB6071F4D20B500D2F904 /* Main.storyboard */; };
		231CB60C1F4D20B500D2F904 /* Bins.xcdatamodeld in Sources */ = {isa = PBXBuildFile; fileRef = 231CB60A1F4D20B500D2F904 /* Bins.xcdatamodeld */; };
		231CB60E1F4D20B500D2F904 /* Assets.xcassets in Resources */ = {isa = PBXBuildFile; fileRef = 231CB60D1F4D20B500D2F904 /* Assets.xcassets */; };
		231CB6111F4D20B500D2F904 /* LaunchScreen.storyboard in Resources */ = {isa = PBXBuildFile; fileRef = 231CB60F1F4D20B500D2F904 /* LaunchScreen.storyboard */; };
		231CB61C1F4D20B600D2F904 /* BinsTests.swift in Sources */ = {isa = PBXBuildFile; fileRef = 231CB61B1F4D20B600D2F904 /* BinsTests.swift */; };
		231CB6271F4D20B600D2F904 /* BinsUITests.swift in Sources */ = {isa = PBXBuildFile; fileRef = 231CB6261F4D20B600D2F904 /* BinsUITests.swift */; };
		231CB6361F4D23C500D2F904 /* BinsBackendManager.swift in Sources */ = {isa = PBXBuildFile; fileRef = 231CB6351F4D23C500D2F904 /* BinsBackendManager.swift */; };
		231CB6381F4D274200D2F904 /* BinsCollectionViewCell.swift in Sources */ = {isa = PBXBuildFile; fileRef = 231CB6371F4D274200D2F904 /* BinsCollectionViewCell.swift */; };
		231CB63A1F4D276900D2F904 /* ReusableView.swift in Sources */ = {isa = PBXBuildFile; fileRef = 231CB6391F4D276900D2F904 /* ReusableView.swift */; };
/* End PBXBuildFile section */

/* Begin PBXContainerItemProxy section */
		231CB6181F4D20B600D2F904 /* PBXContainerItemProxy */ = {
			isa = PBXContainerItemProxy;
			containerPortal = 231CB5F81F4D20B500D2F904 /* Project object */;
			proxyType = 1;
			remoteGlobalIDString = 231CB5FF1F4D20B500D2F904;
			remoteInfo = Bins;
		};
		231CB6231F4D20B600D2F904 /* PBXContainerItemProxy */ = {
			isa = PBXContainerItemProxy;
			containerPortal = 231CB5F81F4D20B500D2F904 /* Project object */;
			proxyType = 1;
			remoteGlobalIDString = 231CB5FF1F4D20B500D2F904;
			remoteInfo = Bins;
		};
/* End PBXContainerItemProxy section */

/* Begin PBXFileReference section */
		231CB6001F4D20B500D2F904 /* Bins.app */ = {isa = PBXFileReference; explicitFileType = wrapper.application; includeInIndex = 0; path = Bins.app; sourceTree = BUILT_PRODUCTS_DIR; };
		231CB6031F4D20B500D2F904 /* AppDelegate.swift */ = {isa = PBXFileReference; lastKnownFileType = sourcecode.swift; path = AppDelegate.swift; sourceTree = "<group>"; };
		231CB6051F4D20B500D2F904 /* BinsViewController.swift */ = {isa = PBXFileReference; lastKnownFileType = sourcecode.swift; path = BinsViewController.swift; sourceTree = "<group>"; };
		231CB6081F4D20B500D2F904 /* Base */ = {isa = PBXFileReference; lastKnownFileType = file.storyboard; name = Base; path = Base.lproj/Main.storyboard; sourceTree = "<group>"; };
		231CB60B1F4D20B500D2F904 /* Bins.xcdatamodel */ = {isa = PBXFileReference; lastKnownFileType = wrapper.xcdatamodel; path = Bins.xcdatamodel; sourceTree = "<group>"; };
		231CB60D1F4D20B500D2F904 /* Assets.xcassets */ = {isa = PBXFileReference; lastKnownFileType = folder.assetcatalog; path = Assets.xcassets; sourceTree = "<group>"; };
		231CB6101F4D20B500D2F904 /* Base */ = {isa = PBXFileReference; lastKnownFileType = file.storyboard; name = Base; path = Base.lproj/LaunchScreen.storyboard; sourceTree = "<group>"; };
		231CB6121F4D20B500D2F904 /* Info.plist */ = {isa = PBXFileReference; lastKnownFileType = text.plist.xml; path = Info.plist; sourceTree = "<group>"; };
		231CB6171F4D20B600D2F904 /* BinsTests.xctest */ = {isa = PBXFileReference; explicitFileType = wrapper.cfbundle; includeInIndex = 0; path = BinsTests.xctest; sourceTree = BUILT_PRODUCTS_DIR; };
		231CB61B1F4D20B600D2F904 /* BinsTests.swift */ = {isa = PBXFileReference; lastKnownFileType = sourcecode.swift; path = BinsTests.swift; sourceTree = "<group>"; };
		231CB61D1F4D20B600D2F904 /* Info.plist */ = {isa = PBXFileReference; lastKnownFileType = text.plist.xml; path = Info.plist; sourceTree = "<group>"; };
		231CB6221F4D20B600D2F904 /* BinsUITests.xctest */ = {isa = PBXFileReference; explicitFileType = wrapper.cfbundle; includeInIndex = 0; path = BinsUITests.xctest; sourceTree = BUILT_PRODUCTS_DIR; };
		231CB6261F4D20B600D2F904 /* BinsUITests.swift */ = {isa = PBXFileReference; lastKnownFileType = sourcecode.swift; path = BinsUITests.swift; sourceTree = "<group>"; };
		231CB6281F4D20B600D2F904 /* Info.plist */ = {isa = PBXFileReference; lastKnownFileType = text.plist.xml; path = Info.plist; sourceTree = "<group>"; };
		231CB6351F4D23C500D2F904 /* BinsBackendManager.swift */ = {isa = PBXFileReference; fileEncoding = 4; lastKnownFileType = sourcecode.swift; path = BinsBackendManager.swift; sourceTree = "<group>"; };
		231CB6371F4D274200D2F904 /* BinsCollectionViewCell.swift */ = {isa = PBXFileReference; fileEncoding = 4; lastKnownFileType = sourcecode.swift; path = BinsCollectionViewCell.swift; sourceTree = "<group>"; };
		231CB6391F4D276900D2F904 /* ReusableView.swift */ = {isa = PBXFileReference; fileEncoding = 4; lastKnownFileType = sourcecode.swift; path = ReusableView.swift; sourceTree = "<group>"; };
/* End PBXFileReference section */

/* Begin PBXFrameworksBuildPhase section */
		231CB5FD1F4D20B500D2F904 /* Frameworks */ = {
			isa = PBXFrameworksBuildPhase;
			buildActionMask = 2147483647;
			files = (
			);
			runOnlyForDeploymentPostprocessing = 0;
		};
		231CB6141F4D20B600D2F904 /* Frameworks */ = {
			isa = PBXFrameworksBuildPhase;
			buildActionMask = 2147483647;
			files = (
			);
			runOnlyForDeploymentPostprocessing = 0;
		};
		231CB61F1F4D20B600D2F904 /* Frameworks */ = {
			isa = PBXFrameworksBuildPhase;
			buildActionMask = 2147483647;
			files = (
			);
			runOnlyForDeploymentPostprocessing = 0;
		};
/* End PBXFrameworksBuildPhase section */

/* Begin PBXGroup section */
		231CB5F71F4D20B500D2F904 = {
			isa = PBXGroup;
			children = (
				231CB6021F4D20B500D2F904 /* Bins */,
				231CB61A1F4D20B600D2F904 /* BinsTests */,
				231CB6251F4D20B600D2F904 /* BinsUITests */,
				231CB6011F4D20B500D2F904 /* Products */,
			);
			sourceTree = "<group>";
		};
		231CB6011F4D20B500D2F904 /* Products */ = {
			isa = PBXGroup;
			children = (
				231CB6001F4D20B500D2F904 /* Bins.app */,
				231CB6171F4D20B600D2F904 /* BinsTests.xctest */,
				231CB6221F4D20B600D2F904 /* BinsUITests.xctest */,
			);
			name = Products;
			sourceTree = "<group>";
		};
		231CB6021F4D20B500D2F904 /* Bins */ = {
			isa = PBXGroup;
			children = (
				231CB6031F4D20B500D2F904 /* AppDelegate.swift */,
				231CB6391F4D276900D2F904 /* ReusableView.swift */,
				231CB6351F4D23C500D2F904 /* BinsBackendManager.swift */,
				231CB6051F4D20B500D2F904 /* BinsViewController.swift */,
				231CB6371F4D274200D2F904 /* BinsCollectionViewCell.swift */,
				231CB6341F4D217500D2F904 /* Resources */,
			);
			path = Bins;
			sourceTree = "<group>";
		};
		231CB61A1F4D20B600D2F904 /* BinsTests */ = {
			isa = PBXGroup;
			children = (
				231CB61B1F4D20B600D2F904 /* BinsTests.swift */,
				231CB61D1F4D20B600D2F904 /* Info.plist */,
			);
			path = BinsTests;
			sourceTree = "<group>";
		};
		231CB6251F4D20B600D2F904 /* BinsUITests */ = {
			isa = PBXGroup;
			children = (
				231CB6261F4D20B600D2F904 /* BinsUITests.swift */,
				231CB6281F4D20B600D2F904 /* Info.plist */,
			);
			path = BinsUITests;
			sourceTree = "<group>";
		};
		231CB6341F4D217500D2F904 /* Resources */ = {
			isa = PBXGroup;
			children = (
				231CB60A1F4D20B500D2F904 /* Bins.xcdatamodeld */,
				231CB60D1F4D20B500D2F904 /* Assets.xcassets */,
				231CB6071F4D20B500D2F904 /* Main.storyboard */,
				231CB6121F4D20B500D2F904 /* Info.plist */,
				231CB60F1F4D20B500D2F904 /* LaunchScreen.storyboard */,
			);
			name = Resources;
			sourceTree = "<group>";
		};
/* End PBXGroup section */

/* Begin PBXNativeTarget section */
		231CB5FF1F4D20B500D2F904 /* Bins */ = {
			isa = PBXNativeTarget;
			buildConfigurationList = 231CB62B1F4D20B600D2F904 /* Build configuration list for PBXNativeTarget "Bins" */;
			buildPhases = (
				231CB5FC1F4D20B500D2F904 /* Sources */,
				231CB5FD1F4D20B500D2F904 /* Frameworks */,
				231CB5FE1F4D20B500D2F904 /* Resources */,
			);
			buildRules = (
			);
			dependencies = (
			);
			name = Bins;
			productName = Bins;
			productReference = 231CB6001F4D20B500D2F904 /* Bins.app */;
			productType = "com.apple.product-type.application";
		};
		231CB6161F4D20B600D2F904 /* BinsTests */ = {
			isa = PBXNativeTarget;
			buildConfigurationList = 231CB62E1F4D20B600D2F904 /* Build configuration list for PBXNativeTarget "BinsTests" */;
			buildPhases = (
				231CB6131F4D20B600D2F904 /* Sources */,
				231CB6141F4D20B600D2F904 /* Frameworks */,
				231CB6151F4D20B600D2F904 /* Resources */,
			);
			buildRules = (
			);
			dependencies = (
				231CB6191F4D20B600D2F904 /* PBXTargetDependency */,
			);
			name = BinsTests;
			productName = BinsTests;
			productReference = 231CB6171F4D20B600D2F904 /* BinsTests.xctest */;
			productType = "com.apple.product-type.bundle.unit-test";
		};
		231CB6211F4D20B600D2F904 /* BinsUITests */ = {
			isa = PBXNativeTarget;
			buildConfigurationList = 231CB6311F4D20B600D2F904 /* Build configuration list for PBXNativeTarget "BinsUITests" */;
			buildPhases = (
				231CB61E1F4D20B600D2F904 /* Sources */,
				231CB61F1F4D20B600D2F904 /* Frameworks */,
				231CB6201F4D20B600D2F904 /* Resources */,
			);
			buildRules = (
			);
			dependencies = (
				231CB6241F4D20B600D2F904 /* PBXTargetDependency */,
			);
			name = BinsUITests;
			productName = BinsUITests;
			productReference = 231CB6221F4D20B600D2F904 /* BinsUITests.xctest */;
			productType = "com.apple.product-type.bundle.ui-testing";
		};
/* End PBXNativeTarget section */

/* Begin PBXProject section */
		231CB5F81F4D20B500D2F904 /* Project object */ = {
			isa = PBXProject;
			attributes = {
				LastSwiftUpdateCheck = 0830;
				LastUpgradeCheck = 0830;
				ORGANIZATIONNAME = "Julian Weiss";
				TargetAttributes = {
					231CB5FF1F4D20B500D2F904 = {
						CreatedOnToolsVersion = 8.3.3;
						DevelopmentTeam = 24X8MVUSCN;
						ProvisioningStyle = Automatic;
					};
					231CB6161F4D20B600D2F904 = {
						CreatedOnToolsVersion = 8.3.3;
						DevelopmentTeam = 24X8MVUSCN;
						ProvisioningStyle = Automatic;
						TestTargetID = 231CB5FF1F4D20B500D2F904;
					};
					231CB6211F4D20B600D2F904 = {
						CreatedOnToolsVersion = 8.3.3;
						DevelopmentTeam = 24X8MVUSCN;
						ProvisioningStyle = Automatic;
						TestTargetID = 231CB5FF1F4D20B500D2F904;
					};
				};
			};
			buildConfigurationList = 231CB5FB1F4D20B500D2F904 /* Build configuration list for PBXProject "Bins" */;
			compatibilityVersion = "Xcode 3.2";
			developmentRegion = English;
			hasScannedForEncodings = 0;
			knownRegions = (
				en,
				Base,
			);
			mainGroup = 231CB5F71F4D20B500D2F904;
			productRefGroup = 231CB6011F4D20B500D2F904 /* Products */;
			projectDirPath = "";
			projectRoot = "";
			targets = (
				231CB5FF1F4D20B500D2F904 /* Bins */,
				231CB6161F4D20B600D2F904 /* BinsTests */,
				231CB6211F4D20B600D2F904 /* BinsUITests */,
			);
		};
/* End PBXProject section */

/* Begin PBXResourcesBuildPhase section */
		231CB5FE1F4D20B500D2F904 /* Resources */ = {
			isa = PBXResourcesBuildPhase;
			buildActionMask = 2147483647;
			files = (
				231CB6111F4D20B500D2F904 /* LaunchScreen.storyboard in Resources */,
				231CB60E1F4D20B500D2F904 /* Assets.xcassets in Resources */,
				231CB6091F4D20B500D2F904 /* Main.storyboard in Resources */,
			);
			runOnlyForDeploymentPostprocessing = 0;
		};
		231CB6151F4D20B600D2F904 /* Resources */ = {
			isa = PBXResourcesBuildPhase;
			buildActionMask = 2147483647;
			files = (
			);
			runOnlyForDeploymentPostprocessing = 0;
		};
		231CB6201F4D20B600D2F904 /* Resources */ = {
			isa = PBXResourcesBuildPhase;
			buildActionMask = 2147483647;
			files = (
			);
			runOnlyForDeploymentPostprocessing = 0;
		};
/* End PBXResourcesBuildPhase section */

/* Begin PBXSourcesBuildPhase section */
		231CB5FC1F4D20B500D2F904 /* Sources */ = {
			isa = PBXSourcesBuildPhase;
			buildActionMask = 2147483647;
			files = (
				231CB6061F4D20B500D2F904 /* BinsViewController.swift in Sources */,
				231CB6041F4D20B500D2F904 /* AppDelegate.swift in Sources */,
				231CB6361F4D23C500D2F904 /* BinsBackendManager.swift in Sources */,
				231CB63A1F4D276900D2F904 /* ReusableView.swift in Sources */,
				231CB60C1F4D20B500D2F904 /* Bins.xcdatamodeld in Sources */,
				231CB6381F4D274200D2F904 /* BinsCollectionViewCell.swift in Sources */,
			);
			runOnlyForDeploymentPostprocessing = 0;
		};
		231CB6131F4D20B600D2F904 /* Sources */ = {
			isa = PBXSourcesBuildPhase;
			buildActionMask = 2147483647;
			files = (
				231CB61C1F4D20B600D2F904 /* BinsTests.swift in Sources */,
			);
			runOnlyForDeploymentPostprocessing = 0;
		};
		231CB61E1F4D20B600D2F904 /* Sources */ = {
			isa = PBXSourcesBuildPhase;
			buildActionMask = 2147483647;
			files = (
				231CB6271F4D20B600D2F904 /* BinsUITests.swift in Sources */,
			);
			runOnlyForDeploymentPostprocessing = 0;
		};
/* End PBXSourcesBuildPhase section */

/* Begin PBXTargetDependency section */
		231CB6191F4D20B600D2F904 /* PBXTargetDependency */ = {
			isa = PBXTargetDependency;
			target = 231CB5FF1F4D20B500D2F904 /* Bins */;
			targetProxy = 231CB6181F4D20B600D2F904 /* PBXContainerItemProxy */;
		};
		231CB6241F4D20B600D2F904 /* PBXTargetDependency */ = {
			isa = PBXTargetDependency;
			target = 231CB5FF1F4D20B500D2F904 /* Bins */;
			targetProxy = 231CB6231F4D20B600D2F904 /* PBXContainerItemProxy */;
		};
/* End PBXTargetDependency section */

/* Begin PBXVariantGroup section */
		231CB6071F4D20B500D2F904 /* Main.storyboard */ = {
			isa = PBXVariantGroup;
			children = (
				231CB6081F4D20B500D2F904 /* Base */,
			);
			name = Main.storyboard;
			sourceTree = "<group>";
		};
		231CB60F1F4D20B500D2F904 /* LaunchScreen.storyboard */ = {
			isa = PBXVariantGroup;
			children = (
				231CB6101F4D20B500D2F904 /* Base */,
			);
			name = LaunchScreen.storyboard;
			sourceTree = "<group>";
		};
/* End PBXVariantGroup section */

/* Begin XCBuildConfiguration section */
		231CB6291F4D20B600D2F904 /* Debug */ = {
			isa = XCBuildConfiguration;
			buildSettings = {
				ALWAYS_SEARCH_USER_PATHS = NO;
				CLANG_ANALYZER_NONNULL = YES;
				CLANG_ANALYZER_NUMBER_OBJECT_CONVERSION = YES_AGGRESSIVE;
				CLANG_CXX_LANGUAGE_STANDARD = "gnu++0x";
				CLANG_CXX_LIBRARY = "libc++";
				CLANG_ENABLE_MODULES = YES;
				CLANG_ENABLE_OBJC_ARC = YES;
				CLANG_WARN_BOOL_CONVERSION = YES;
				CLANG_WARN_CONSTANT_CONVERSION = YES;
				CLANG_WARN_DIRECT_OBJC_ISA_USAGE = YES_ERROR;
				CLANG_WARN_DOCUMENTATION_COMMENTS = YES;
				CLANG_WARN_EMPTY_BODY = YES;
				CLANG_WARN_ENUM_CONVERSION = YES;
				CLANG_WARN_INFINITE_RECURSION = YES;
				CLANG_WARN_INT_CONVERSION = YES;
				CLANG_WARN_OBJC_ROOT_CLASS = YES_ERROR;
				CLANG_WARN_SUSPICIOUS_MOVE = YES;
				CLANG_WARN_UNREACHABLE_CODE = YES;
				CLANG_WARN__DUPLICATE_METHOD_MATCH = YES;
				"CODE_SIGN_IDENTITY[sdk=iphoneos*]" = "iPhone Developer";
				COPY_PHASE_STRIP = NO;
				DEBUG_INFORMATION_FORMAT = dwarf;
				ENABLE_STRICT_OBJC_MSGSEND = YES;
				ENABLE_TESTABILITY = YES;
				GCC_C_LANGUAGE_STANDARD = gnu99;
				GCC_DYNAMIC_NO_PIC = NO;
				GCC_NO_COMMON_BLOCKS = YES;
				GCC_OPTIMIZATION_LEVEL = 0;
				GCC_PREPROCESSOR_DEFINITIONS = (
					"DEBUG=1",
					"$(inherited)",
				);
				GCC_WARN_64_TO_32_BIT_CONVERSION = YES;
				GCC_WARN_ABOUT_RETURN_TYPE = YES_ERROR;
				GCC_WARN_UNDECLARED_SELECTOR = YES;
				GCC_WARN_UNINITIALIZED_AUTOS = YES_AGGRESSIVE;
				GCC_WARN_UNUSED_FUNCTION = YES;
				GCC_WARN_UNUSED_VARIABLE = YES;
				IPHONEOS_DEPLOYMENT_TARGET = 10.3;
				MTL_ENABLE_DEBUG_INFO = YES;
				ONLY_ACTIVE_ARCH = YES;
				SDKROOT = iphoneos;
				SWIFT_ACTIVE_COMPILATION_CONDITIONS = DEBUG;
				SWIFT_OPTIMIZATION_LEVEL = "-Onone";
				TARGETED_DEVICE_FAMILY = "1,2";
			};
			name = Debug;
		};
		231CB62A1F4D20B600D2F904 /* Release */ = {
			isa = XCBuildConfiguration;
			buildSettings = {
				ALWAYS_SEARCH_USER_PATHS = NO;
				CLANG_ANALYZER_NONNULL = YES;
				CLANG_ANALYZER_NUMBER_OBJECT_CONVERSION = YES_AGGRESSIVE;
				CLANG_CXX_LANGUAGE_STANDARD = "gnu++0x";
				CLANG_CXX_LIBRARY = "libc++";
				CLANG_ENABLE_MODULES = YES;
				CLANG_ENABLE_OBJC_ARC = YES;
				CLANG_WARN_BOOL_CONVERSION = YES;
				CLANG_WARN_CONSTANT_CONVERSION = YES;
				CLANG_WARN_DIRECT_OBJC_ISA_USAGE = YES_ERROR;
				CLANG_WARN_DOCUMENTATION_COMMENTS = YES;
				CLANG_WARN_EMPTY_BODY = YES;
				CLANG_WARN_ENUM_CONVERSION = YES;
				CLANG_WARN_INFINITE_RECURSION = YES;
				CLANG_WARN_INT_CONVERSION = YES;
				CLANG_WARN_OBJC_ROOT_CLASS = YES_ERROR;
				CLANG_WARN_SUSPICIOUS_MOVE = YES;
				CLANG_WARN_UNREACHABLE_CODE = YES;
				CLANG_WARN__DUPLICATE_METHOD_MATCH = YES;
				"CODE_SIGN_IDENTITY[sdk=iphoneos*]" = "iPhone Developer";
				COPY_PHASE_STRIP = NO;
				DEBUG_INFORMATION_FORMAT = "dwarf-with-dsym";
				ENABLE_NS_ASSERTIONS = NO;
				ENABLE_STRICT_OBJC_MSGSEND = YES;
				GCC_C_LANGUAGE_STANDARD = gnu99;
				GCC_NO_COMMON_BLOCKS = YES;
				GCC_WARN_64_TO_32_BIT_CONVERSION = YES;
				GCC_WARN_ABOUT_RETURN_TYPE = YES_ERROR;
				GCC_WARN_UNDECLARED_SELECTOR = YES;
				GCC_WARN_UNINITIALIZED_AUTOS = YES_AGGRESSIVE;
				GCC_WARN_UNUSED_FUNCTION = YES;
				GCC_WARN_UNUSED_VARIABLE = YES;
				IPHONEOS_DEPLOYMENT_TARGET = 10.3;
				MTL_ENABLE_DEBUG_INFO = NO;
				SDKROOT = iphoneos;
				SWIFT_OPTIMIZATION_LEVEL = "-Owholemodule";
				TARGETED_DEVICE_FAMILY = "1,2";
				VALIDATE_PRODUCT = YES;
			};
			name = Release;
		};
		231CB62C1F4D20B600D2F904 /* Debug */ = {
			isa = XCBuildConfiguration;
			buildSettings = {
				ASSETCATALOG_COMPILER_APPICON_NAME = AppIcon;
				DEVELOPMENT_TEAM = 24X8MVUSCN;
				INFOPLIST_FILE = Bins/Info.plist;
				LD_RUNPATH_SEARCH_PATHS = "$(inherited) @executable_path/Frameworks";
				PRODUCT_BUNDLE_IDENTIFIER = com.insanj.Bins;
				PRODUCT_NAME = "$(TARGET_NAME)";
				SWIFT_VERSION = 3.0;
			};
			name = Debug;
		};
		231CB62D1F4D20B600D2F904 /* Release */ = {
			isa = XCBuildConfiguration;
			buildSettings = {
				ASSETCATALOG_COMPILER_APPICON_NAME = AppIcon;
				DEVELOPMENT_TEAM = 24X8MVUSCN;
				INFOPLIST_FILE = Bins/Info.plist;
				LD_RUNPATH_SEARCH_PATHS = "$(inherited) @executable_path/Frameworks";
				PRODUCT_BUNDLE_IDENTIFIER = com.insanj.Bins;
				PRODUCT_NAME = "$(TARGET_NAME)";
				SWIFT_VERSION = 3.0;
			};
			name = Release;
		};
		231CB62F1F4D20B600D2F904 /* Debug */ = {
			isa = XCBuildConfiguration;
			buildSettings = {
				ALWAYS_EMBED_SWIFT_STANDARD_LIBRARIES = YES;
				BUNDLE_LOADER = "$(TEST_HOST)";
				DEVELOPMENT_TEAM = 24X8MVUSCN;
				INFOPLIST_FILE = BinsTests/Info.plist;
				LD_RUNPATH_SEARCH_PATHS = "$(inherited) @executable_path/Frameworks @loader_path/Frameworks";
				PRODUCT_BUNDLE_IDENTIFIER = com.insanj.BinsTests;
				PRODUCT_NAME = "$(TARGET_NAME)";
				SWIFT_VERSION = 3.0;
				TEST_HOST = "$(BUILT_PRODUCTS_DIR)/Bins.app/Bins";
			};
			name = Debug;
		};
		231CB6301F4D20B600D2F904 /* Release */ = {
			isa = XCBuildConfiguration;
			buildSettings = {
				ALWAYS_EMBED_SWIFT_STANDARD_LIBRARIES = YES;
				BUNDLE_LOADER = "$(TEST_HOST)";
				DEVELOPMENT_TEAM = 24X8MVUSCN;
				INFOPLIST_FILE = BinsTests/Info.plist;
				LD_RUNPATH_SEARCH_PATHS = "$(inherited) @executable_path/Frameworks @loader_path/Frameworks";
				PRODUCT_BUNDLE_IDENTIFIER = com.insanj.BinsTests;
				PRODUCT_NAME = "$(TARGET_NAME)";
				SWIFT_VERSION = 3.0;
				TEST_HOST = "$(BUILT_PRODUCTS_DIR)/Bins.app/Bins";
			};
			name = Release;
		};
		231CB6321F4D20B600D2F904 /* Debug */ = {
			isa = XCBuildConfiguration;
			buildSettings = {
				ALWAYS_EMBED_SWIFT_STANDARD_LIBRARIES = YES;
				DEVELOPMENT_TEAM = 24X8MVUSCN;
				INFOPLIST_FILE = BinsUITests/Info.plist;
				LD_RUNPATH_SEARCH_PATHS = "$(inherited) @executable_path/Frameworks @loader_path/Frameworks";
				PRODUCT_BUNDLE_IDENTIFIER = com.insanj.BinsUITests;
				PRODUCT_NAME = "$(TARGET_NAME)";
				SWIFT_VERSION = 3.0;
				TEST_TARGET_NAME = Bins;
			};
			name = Debug;
		};
		231CB6331F4D20B600D2F904 /* Release */ = {
			isa = XCBuildConfiguration;
			buildSettings = {
				ALWAYS_EMBED_SWIFT_STANDARD_LIBRARIES = YES;
				DEVELOPMENT_TEAM = 24X8MVUSCN;
				INFOPLIST_FILE = BinsUITests/Info.plist;
				LD_RUNPATH_SEARCH_PATHS = "$(inherited) @executable_path/Frameworks @loader_path/Frameworks";
				PRODUCT_BUNDLE_IDENTIFIER = com.insanj.BinsUITests;
				PRODUCT_NAME = "$(TARGET_NAME)";
				SWIFT_VERSION = 3.0;
				TEST_TARGET_NAME = Bins;
			};
			name = Release;
		};
/* End XCBuildConfiguration section */

/* Begin XCConfigurationList section */
		231CB5FB1F4D20B500D2F904 /* Build configuration list for PBXProject "Bins" */ = {
			isa = XCConfigurationList;
			buildConfigurations = (
				231CB6291F4D20B600D2F904 /* Debug */,
				231CB62A1F4D20B600D2F904 /* Release */,
			);
			defaultConfigurationIsVisible = 0;
			defaultConfigurationName = Release;
		};
		231CB62B1F4D20B600D2F904 /* Build configuration list for PBXNativeTarget "Bins" */ = {
			isa = XCConfigurationList;
			buildConfigurations = (
				231CB62C1F4D20B600D2F904 /* Debug */,
				231CB62D1F4D20B600D2F904 /* Release */,
			);
			defaultConfigurationIsVisible = 0;
			defaultConfigurationName = Release;
		};
		231CB62E1F4D20B600D2F904 /* Build configuration list for PBXNativeTarget "BinsTests" */ = {
			isa = XCConfigurationList;
			buildConfigurations = (
				231CB62F1F4D20B600D2F904 /* Debug */,
				231CB6301F4D20B600D2F904 /* Release */,
			);
			defaultConfigurationIsVisible = 0;
			defaultConfigurationName = Release;
		};
		231CB6311F4D20B600D2F904 /* Build configuration list for PBXNativeTarget "BinsUITests" */ = {
			isa = XCConfigurationList;
			buildConfigurations = (
				231CB6321F4D20B600D2F904 /* Debug */,
				231CB6331F4D20B600D2F904 /* Release */,
			);
			defaultConfigurationIsVisible = 0;
			defaultConfigurationName = Release;
		};
/* End XCConfigurationList section */

/* Begin XCVersionGroup section */
		231CB60A1F4D20B500D2F904 /* Bins.xcdatamodeld */ = {
			isa = XCVersionGroup;
			children = (
				231CB60B1F4D20B500D2F904 /* Bins.xcdatamodel */,
			);
			currentVersion = 231CB60B1F4D20B500D2F904 /* Bins.xcdatamodel */;
			path = Bins.xcdatamodeld;
			sourceTree = "<group>";
			versionGroupType = wrapper.xcdatamodel;
		};
/* End XCVersionGroup section */
	};
	rootObject = 231CB5F81F4D20B500D2F904 /* Project object */;
}
