// !$*UTF8*$!
{
	archiveVersion = 1;
	classes = {
	};
	objectVersion = 46;
	objects = {

/* Begin PBXBuildFile section */
		231CB5C71F4D1E4900D2F904 /* AppDelegate.swift in Sources */ = {isa = PBXBuildFile; fileRef = 231CB5C61F4D1E4900D2F904 /* AppDelegate.swift */; };
		231CB5C91F4D1E4900D2F904 /* ViewController.swift in Sources */ = {isa = PBXBuildFile; fileRef = 231CB5C81F4D1E4900D2F904 /* ViewController.swift */; };
		231CB5CC1F4D1E4900D2F904 /* Main.storyboard in Resources */ = {isa = PBXBuildFile; fileRef = 231CB5CA1F4D1E4900D2F904 /* Main.storyboard */; };
		231CB5CE1F4D1E4900D2F904 /* Assets.xcassets in Resources */ = {isa = PBXBuildFile; fileRef = 231CB5CD1F4D1E4900D2F904 /* Assets.xcassets */; };
		231CB5D11F4D1E4900D2F904 /* LaunchScreen.storyboard in Resources */ = {isa = PBXBuildFile; fileRef = 231CB5CF1F4D1E4900D2F904 /* LaunchScreen.storyboard */; };
		231CB5DC1F4D1E4900D2F904 /* ThrowupTests.swift in Sources */ = {isa = PBXBuildFile; fileRef = 231CB5DB1F4D1E4900D2F904 /* ThrowupTests.swift */; };
		231CB5E71F4D1E4900D2F904 /* ThrowupUITests.swift in Sources */ = {isa = PBXBuildFile; fileRef = 231CB5E61F4D1E4900D2F904 /* ThrowupUITests.swift */; };
/* End PBXBuildFile section */

/* Begin PBXContainerItemProxy section */
		231CB5D81F4D1E4900D2F904 /* PBXContainerItemProxy */ = {
			isa = PBXContainerItemProxy;
			containerPortal = 231CB5BB1F4D1E4900D2F904 /* Project object */;
			proxyType = 1;
			remoteGlobalIDString = 231CB5C21F4D1E4900D2F904;
			remoteInfo = Throwup;
		};
		231CB5E31F4D1E4900D2F904 /* PBXContainerItemProxy */ = {
			isa = PBXContainerItemProxy;
			containerPortal = 231CB5BB1F4D1E4900D2F904 /* Project object */;
			proxyType = 1;
			remoteGlobalIDString = 231CB5C21F4D1E4900D2F904;
			remoteInfo = Throwup;
		};
/* End PBXContainerItemProxy section */

/* Begin PBXFileReference section */
		231CB5C31F4D1E4900D2F904 /* Throwup.app */ = {isa = PBXFileReference; explicitFileType = wrapper.application; includeInIndex = 0; path = Throwup.app; sourceTree = BUILT_PRODUCTS_DIR; };
		231CB5C61F4D1E4900D2F904 /* AppDelegate.swift */ = {isa = PBXFileReference; lastKnownFileType = sourcecode.swift; path = AppDelegate.swift; sourceTree = "<group>"; };
		231CB5C81F4D1E4900D2F904 /* ViewController.swift */ = {isa = PBXFileReference; lastKnownFileType = sourcecode.swift; path = ViewController.swift; sourceTree = "<group>"; };
		231CB5CB1F4D1E4900D2F904 /* Base */ = {isa = PBXFileReference; lastKnownFileType = file.storyboard; name = Base; path = Base.lproj/Main.storyboard; sourceTree = "<group>"; };
		231CB5CD1F4D1E4900D2F904 /* Assets.xcassets */ = {isa = PBXFileReference; lastKnownFileType = folder.assetcatalog; path = Assets.xcassets; sourceTree = "<group>"; };
		231CB5D01F4D1E4900D2F904 /* Base */ = {isa = PBXFileReference; lastKnownFileType = file.storyboard; name = Base; path = Base.lproj/LaunchScreen.storyboard; sourceTree = "<group>"; };
		231CB5D21F4D1E4900D2F904 /* Info.plist */ = {isa = PBXFileReference; lastKnownFileType = text.plist.xml; path = Info.plist; sourceTree = "<group>"; };
		231CB5D71F4D1E4900D2F904 /* ThrowupTests.xctest */ = {isa = PBXFileReference; explicitFileType = wrapper.cfbundle; includeInIndex = 0; path = ThrowupTests.xctest; sourceTree = BUILT_PRODUCTS_DIR; };
		231CB5DB1F4D1E4900D2F904 /* ThrowupTests.swift */ = {isa = PBXFileReference; lastKnownFileType = sourcecode.swift; path = ThrowupTests.swift; sourceTree = "<group>"; };
		231CB5DD1F4D1E4900D2F904 /* Info.plist */ = {isa = PBXFileReference; lastKnownFileType = text.plist.xml; path = Info.plist; sourceTree = "<group>"; };
		231CB5E21F4D1E4900D2F904 /* ThrowupUITests.xctest */ = {isa = PBXFileReference; explicitFileType = wrapper.cfbundle; includeInIndex = 0; path = ThrowupUITests.xctest; sourceTree = BUILT_PRODUCTS_DIR; };
		231CB5E61F4D1E4900D2F904 /* ThrowupUITests.swift */ = {isa = PBXFileReference; lastKnownFileType = sourcecode.swift; path = ThrowupUITests.swift; sourceTree = "<group>"; };
		231CB5E81F4D1E4900D2F904 /* Info.plist */ = {isa = PBXFileReference; lastKnownFileType = text.plist.xml; path = Info.plist; sourceTree = "<group>"; };
/* End PBXFileReference section */

/* Begin PBXFrameworksBuildPhase section */
		231CB5C01F4D1E4900D2F904 /* Frameworks */ = {
			isa = PBXFrameworksBuildPhase;
			buildActionMask = 2147483647;
			files = (
			);
			runOnlyForDeploymentPostprocessing = 0;
		};
		231CB5D41F4D1E4900D2F904 /* Frameworks */ = {
			isa = PBXFrameworksBuildPhase;
			buildActionMask = 2147483647;
			files = (
			);
			runOnlyForDeploymentPostprocessing = 0;
		};
		231CB5DF1F4D1E4900D2F904 /* Frameworks */ = {
			isa = PBXFrameworksBuildPhase;
			buildActionMask = 2147483647;
			files = (
			);
			runOnlyForDeploymentPostprocessing = 0;
		};
/* End PBXFrameworksBuildPhase section */

/* Begin PBXGroup section */
		231CB5BA1F4D1E4900D2F904 = {
			isa = PBXGroup;
			children = (
				231CB5C51F4D1E4900D2F904 /* Throwup */,
				231CB5DA1F4D1E4900D2F904 /* ThrowupTests */,
				231CB5E51F4D1E4900D2F904 /* ThrowupUITests */,
				231CB5C41F4D1E4900D2F904 /* Products */,
			);
			sourceTree = "<group>";
		};
		231CB5C41F4D1E4900D2F904 /* Products */ = {
			isa = PBXGroup;
			children = (
				231CB5C31F4D1E4900D2F904 /* Throwup.app */,
				231CB5D71F4D1E4900D2F904 /* ThrowupTests.xctest */,
				231CB5E21F4D1E4900D2F904 /* ThrowupUITests.xctest */,
			);
			name = Products;
			sourceTree = "<group>";
		};
		231CB5C51F4D1E4900D2F904 /* Throwup */ = {
			isa = PBXGroup;
			children = (
				231CB5C61F4D1E4900D2F904 /* AppDelegate.swift */,
				231CB5C81F4D1E4900D2F904 /* ViewController.swift */,
				231CB5CA1F4D1E4900D2F904 /* Main.storyboard */,
				231CB5CD1F4D1E4900D2F904 /* Assets.xcassets */,
				231CB5CF1F4D1E4900D2F904 /* LaunchScreen.storyboard */,
				231CB5D21F4D1E4900D2F904 /* Info.plist */,
			);
			path = Throwup;
			sourceTree = "<group>";
		};
		231CB5DA1F4D1E4900D2F904 /* ThrowupTests */ = {
			isa = PBXGroup;
			children = (
				231CB5DB1F4D1E4900D2F904 /* ThrowupTests.swift */,
				231CB5DD1F4D1E4900D2F904 /* Info.plist */,
			);
			path = ThrowupTests;
			sourceTree = "<group>";
		};
		231CB5E51F4D1E4900D2F904 /* ThrowupUITests */ = {
			isa = PBXGroup;
			children = (
				231CB5E61F4D1E4900D2F904 /* ThrowupUITests.swift */,
				231CB5E81F4D1E4900D2F904 /* Info.plist */,
			);
			path = ThrowupUITests;
			sourceTree = "<group>";
		};
/* End PBXGroup section */

/* Begin PBXNativeTarget section */
		231CB5C21F4D1E4900D2F904 /* Throwup */ = {
			isa = PBXNativeTarget;
			buildConfigurationList = 231CB5EB1F4D1E4900D2F904 /* Build configuration list for PBXNativeTarget "Throwup" */;
			buildPhases = (
				231CB5BF1F4D1E4900D2F904 /* Sources */,
				231CB5C01F4D1E4900D2F904 /* Frameworks */,
				231CB5C11F4D1E4900D2F904 /* Resources */,
			);
			buildRules = (
			);
			dependencies = (
			);
			name = Throwup;
			productName = Throwup;
			productReference = 231CB5C31F4D1E4900D2F904 /* Throwup.app */;
			productType = "com.apple.product-type.application";
		};
		231CB5D61F4D1E4900D2F904 /* ThrowupTests */ = {
			isa = PBXNativeTarget;
			buildConfigurationList = 231CB5EE1F4D1E4900D2F904 /* Build configuration list for PBXNativeTarget "ThrowupTests" */;
			buildPhases = (
				231CB5D31F4D1E4900D2F904 /* Sources */,
				231CB5D41F4D1E4900D2F904 /* Frameworks */,
				231CB5D51F4D1E4900D2F904 /* Resources */,
			);
			buildRules = (
			);
			dependencies = (
				231CB5D91F4D1E4900D2F904 /* PBXTargetDependency */,
			);
			name = ThrowupTests;
			productName = ThrowupTests;
			productReference = 231CB5D71F4D1E4900D2F904 /* ThrowupTests.xctest */;
			productType = "com.apple.product-type.bundle.unit-test";
		};
		231CB5E11F4D1E4900D2F904 /* ThrowupUITests */ = {
			isa = PBXNativeTarget;
			buildConfigurationList = 231CB5F11F4D1E4900D2F904 /* Build configuration list for PBXNativeTarget "ThrowupUITests" */;
			buildPhases = (
				231CB5DE1F4D1E4900D2F904 /* Sources */,
				231CB5DF1F4D1E4900D2F904 /* Frameworks */,
				231CB5E01F4D1E4900D2F904 /* Resources */,
			);
			buildRules = (
			);
			dependencies = (
				231CB5E41F4D1E4900D2F904 /* PBXTargetDependency */,
			);
			name = ThrowupUITests;
			productName = ThrowupUITests;
			productReference = 231CB5E21F4D1E4900D2F904 /* ThrowupUITests.xctest */;
			productType = "com.apple.product-type.bundle.ui-testing";
		};
/* End PBXNativeTarget section */

/* Begin PBXProject section */
		231CB5BB1F4D1E4900D2F904 /* Project object */ = {
			isa = PBXProject;
			attributes = {
				LastSwiftUpdateCheck = 0830;
				LastUpgradeCheck = 0830;
				ORGANIZATIONNAME = "Julian Weiss";
				TargetAttributes = {
					231CB5C21F4D1E4900D2F904 = {
						CreatedOnToolsVersion = 8.3.3;
						DevelopmentTeam = 24X8MVUSCN;
						ProvisioningStyle = Automatic;
					};
					231CB5D61F4D1E4900D2F904 = {
						CreatedOnToolsVersion = 8.3.3;
						DevelopmentTeam = 24X8MVUSCN;
						ProvisioningStyle = Automatic;
						TestTargetID = 231CB5C21F4D1E4900D2F904;
					};
					231CB5E11F4D1E4900D2F904 = {
						CreatedOnToolsVersion = 8.3.3;
						DevelopmentTeam = 24X8MVUSCN;
						ProvisioningStyle = Automatic;
						TestTargetID = 231CB5C21F4D1E4900D2F904;
					};
				};
			};
			buildConfigurationList = 231CB5BE1F4D1E4900D2F904 /* Build configuration list for PBXProject "Throwup" */;
			compatibilityVersion = "Xcode 3.2";
			developmentRegion = English;
			hasScannedForEncodings = 0;
			knownRegions = (
				en,
				Base,
			);
			mainGroup = 231CB5BA1F4D1E4900D2F904;
			productRefGroup = 231CB5C41F4D1E4900D2F904 /* Products */;
			projectDirPath = "";
			projectRoot = "";
			targets = (
				231CB5C21F4D1E4900D2F904 /* Throwup */,
				231CB5D61F4D1E4900D2F904 /* ThrowupTests */,
				231CB5E11F4D1E4900D2F904 /* ThrowupUITests */,
			);
		};
/* End PBXProject section */

/* Begin PBXResourcesBuildPhase section */
		231CB5C11F4D1E4900D2F904 /* Resources */ = {
			isa = PBXResourcesBuildPhase;
			buildActionMask = 2147483647;
			files = (
				231CB5D11F4D1E4900D2F904 /* LaunchScreen.storyboard in Resources */,
				231CB5CE1F4D1E4900D2F904 /* Assets.xcassets in Resources */,
				231CB5CC1F4D1E4900D2F904 /* Main.storyboard in Resources */,
			);
			runOnlyForDeploymentPostprocessing = 0;
		};
		231CB5D51F4D1E4900D2F904 /* Resources */ = {
			isa = PBXResourcesBuildPhase;
			buildActionMask = 2147483647;
			files = (
			);
			runOnlyForDeploymentPostprocessing = 0;
		};
		231CB5E01F4D1E4900D2F904 /* Resources */ = {
			isa = PBXResourcesBuildPhase;
			buildActionMask = 2147483647;
			files = (
			);
			runOnlyForDeploymentPostprocessing = 0;
		};
/* End PBXResourcesBuildPhase section */

/* Begin PBXSourcesBuildPhase section */
		231CB5BF1F4D1E4900D2F904 /* Sources */ = {
			isa = PBXSourcesBuildPhase;
			buildActionMask = 2147483647;
			files = (
				231CB5C91F4D1E4900D2F904 /* ViewController.swift in Sources */,
				231CB5C71F4D1E4900D2F904 /* AppDelegate.swift in Sources */,
			);
			runOnlyForDeploymentPostprocessing = 0;
		};
		231CB5D31F4D1E4900D2F904 /* Sources */ = {
			isa = PBXSourcesBuildPhase;
			buildActionMask = 2147483647;
			files = (
				231CB5DC1F4D1E4900D2F904 /* ThrowupTests.swift in Sources */,
			);
			runOnlyForDeploymentPostprocessing = 0;
		};
		231CB5DE1F4D1E4900D2F904 /* Sources */ = {
			isa = PBXSourcesBuildPhase;
			buildActionMask = 2147483647;
			files = (
				231CB5E71F4D1E4900D2F904 /* ThrowupUITests.swift in Sources */,
			);
			runOnlyForDeploymentPostprocessing = 0;
		};
/* End PBXSourcesBuildPhase section */

/* Begin PBXTargetDependency section */
		231CB5D91F4D1E4900D2F904 /* PBXTargetDependency */ = {
			isa = PBXTargetDependency;
			target = 231CB5C21F4D1E4900D2F904 /* Throwup */;
			targetProxy = 231CB5D81F4D1E4900D2F904 /* PBXContainerItemProxy */;
		};
		231CB5E41F4D1E4900D2F904 /* PBXTargetDependency */ = {
			isa = PBXTargetDependency;
			target = 231CB5C21F4D1E4900D2F904 /* Throwup */;
			targetProxy = 231CB5E31F4D1E4900D2F904 /* PBXContainerItemProxy */;
		};
/* End PBXTargetDependency section */

/* Begin PBXVariantGroup section */
		231CB5CA1F4D1E4900D2F904 /* Main.storyboard */ = {
			isa = PBXVariantGroup;
			children = (
				231CB5CB1F4D1E4900D2F904 /* Base */,
			);
			name = Main.storyboard;
			sourceTree = "<group>";
		};
		231CB5CF1F4D1E4900D2F904 /* LaunchScreen.storyboard */ = {
			isa = PBXVariantGroup;
			children = (
				231CB5D01F4D1E4900D2F904 /* Base */,
			);
			name = LaunchScreen.storyboard;
			sourceTree = "<group>";
		};
/* End PBXVariantGroup section */

/* Begin XCBuildConfiguration section */
		231CB5E91F4D1E4900D2F904 /* Debug */ = {
			isa = XCBuildConfiguration;
			buildSettings = {
				ALWAYS_SEARCH_USER_PATHS = NO;
				CLANG_ANALYZER_NONNULL = YES;
				CLANG_ANALYZER_NUMBER_OBJECT_CONVERSION = YES_AGGRESSIVE;
				CLANG_CXX_LANGUAGE_STANDARD = "gnu++0x";
				CLANG_CXX_LIBRARY = "libc++";
				CLANG_ENABLE_MODULES = YES;
				CLANG_ENABLE_OBJC_ARC = YES;
				CLANG_WARN_BOOL_CONVERSION = YES;
				CLANG_WARN_CONSTANT_CONVERSION = YES;
				CLANG_WARN_DIRECT_OBJC_ISA_USAGE = YES_ERROR;
				CLANG_WARN_DOCUMENTATION_COMMENTS = YES;
				CLANG_WARN_EMPTY_BODY = YES;
				CLANG_WARN_ENUM_CONVERSION = YES;
				CLANG_WARN_INFINITE_RECURSION = YES;
				CLANG_WARN_INT_CONVERSION = YES;
				CLANG_WARN_OBJC_ROOT_CLASS = YES_ERROR;
				CLANG_WARN_SUSPICIOUS_MOVE = YES;
				CLANG_WARN_UNREACHABLE_CODE = YES;
				CLANG_WARN__DUPLICATE_METHOD_MATCH = YES;
				"CODE_SIGN_IDENTITY[sdk=iphoneos*]" = "iPhone Developer";
				COPY_PHASE_STRIP = NO;
				DEBUG_INFORMATION_FORMAT = dwarf;
				ENABLE_STRICT_OBJC_MSGSEND = YES;
				ENABLE_TESTABILITY = YES;
				GCC_C_LANGUAGE_STANDARD = gnu99;
				GCC_DYNAMIC_NO_PIC = NO;
				GCC_NO_COMMON_BLOCKS = YES;
				GCC_OPTIMIZATION_LEVEL = 0;
				GCC_PREPROCESSOR_DEFINITIONS = (
					"DEBUG=1",
					"$(inherited)",
				);
				GCC_WARN_64_TO_32_BIT_CONVERSION = YES;
				GCC_WARN_ABOUT_RETURN_TYPE = YES_ERROR;
				GCC_WARN_UNDECLARED_SELECTOR = YES;
				GCC_WARN_UNINITIALIZED_AUTOS = YES_AGGRESSIVE;
				GCC_WARN_UNUSED_FUNCTION = YES;
				GCC_WARN_UNUSED_VARIABLE = YES;
				IPHONEOS_DEPLOYMENT_TARGET = 10.3;
				MTL_ENABLE_DEBUG_INFO = YES;
				ONLY_ACTIVE_ARCH = YES;
				SDKROOT = iphoneos;
				SWIFT_ACTIVE_COMPILATION_CONDITIONS = DEBUG;
				SWIFT_OPTIMIZATION_LEVEL = "-Onone";
				TARGETED_DEVICE_FAMILY = "1,2";
			};
			name = Debug;
		};
		231CB5EA1F4D1E4900D2F904 /* Release */ = {
			isa = XCBuildConfiguration;
			buildSettings = {
				ALWAYS_SEARCH_USER_PATHS = NO;
				CLANG_ANALYZER_NONNULL = YES;
				CLANG_ANALYZER_NUMBER_OBJECT_CONVERSION = YES_AGGRESSIVE;
				CLANG_CXX_LANGUAGE_STANDARD = "gnu++0x";
				CLANG_CXX_LIBRARY = "libc++";
				CLANG_ENABLE_MODULES = YES;
				CLANG_ENABLE_OBJC_ARC = YES;
				CLANG_WARN_BOOL_CONVERSION = YES;
				CLANG_WARN_CONSTANT_CONVERSION = YES;
				CLANG_WARN_DIRECT_OBJC_ISA_USAGE = YES_ERROR;
				CLANG_WARN_DOCUMENTATION_COMMENTS = YES;
				CLANG_WARN_EMPTY_BODY = YES;
				CLANG_WARN_ENUM_CONVERSION = YES;
				CLANG_WARN_INFINITE_RECURSION = YES;
				CLANG_WARN_INT_CONVERSION = YES;
				CLANG_WARN_OBJC_ROOT_CLASS = YES_ERROR;
				CLANG_WARN_SUSPICIOUS_MOVE = YES;
				CLANG_WARN_UNREACHABLE_CODE = YES;
				CLANG_WARN__DUPLICATE_METHOD_MATCH = YES;
				"CODE_SIGN_IDENTITY[sdk=iphoneos*]" = "iPhone Developer";
				COPY_PHASE_STRIP = NO;
				DEBUG_INFORMATION_FORMAT = "dwarf-with-dsym";
				ENABLE_NS_ASSERTIONS = NO;
				ENABLE_STRICT_OBJC_MSGSEND = YES;
				GCC_C_LANGUAGE_STANDARD = gnu99;
				GCC_NO_COMMON_BLOCKS = YES;
				GCC_WARN_64_TO_32_BIT_CONVERSION = YES;
				GCC_WARN_ABOUT_RETURN_TYPE = YES_ERROR;
				GCC_WARN_UNDECLARED_SELECTOR = YES;
				GCC_WARN_UNINITIALIZED_AUTOS = YES_AGGRESSIVE;
				GCC_WARN_UNUSED_FUNCTION = YES;
				GCC_WARN_UNUSED_VARIABLE = YES;
				IPHONEOS_DEPLOYMENT_TARGET = 10.3;
				MTL_ENABLE_DEBUG_INFO = NO;
				SDKROOT = iphoneos;
				SWIFT_OPTIMIZATION_LEVEL = "-Owholemodule";
				TARGETED_DEVICE_FAMILY = "1,2";
				VALIDATE_PRODUCT = YES;
			};
			name = Release;
		};
		231CB5EC1F4D1E4900D2F904 /* Debug */ = {
			isa = XCBuildConfiguration;
			buildSettings = {
				ASSETCATALOG_COMPILER_APPICON_NAME = AppIcon;
				DEVELOPMENT_TEAM = 24X8MVUSCN;
				INFOPLIST_FILE = Throwup/Info.plist;
				LD_RUNPATH_SEARCH_PATHS = "$(inherited) @executable_path/Frameworks";
				PRODUCT_BUNDLE_IDENTIFIER = com.insanj.Throwup;
				PRODUCT_NAME = "$(TARGET_NAME)";
				SWIFT_VERSION = 3.0;
			};
			name = Debug;
		};
		231CB5ED1F4D1E4900D2F904 /* Release */ = {
			isa = XCBuildConfiguration;
			buildSettings = {
				ASSETCATALOG_COMPILER_APPICON_NAME = AppIcon;
				DEVELOPMENT_TEAM = 24X8MVUSCN;
				INFOPLIST_FILE = Throwup/Info.plist;
				LD_RUNPATH_SEARCH_PATHS = "$(inherited) @executable_path/Frameworks";
				PRODUCT_BUNDLE_IDENTIFIER = com.insanj.Throwup;
				PRODUCT_NAME = "$(TARGET_NAME)";
				SWIFT_VERSION = 3.0;
			};
			name = Release;
		};
		231CB5EF1F4D1E4900D2F904 /* Debug */ = {
			isa = XCBuildConfiguration;
			buildSettings = {
				ALWAYS_EMBED_SWIFT_STANDARD_LIBRARIES = YES;
				BUNDLE_LOADER = "$(TEST_HOST)";
				DEVELOPMENT_TEAM = 24X8MVUSCN;
				INFOPLIST_FILE = ThrowupTests/Info.plist;
				LD_RUNPATH_SEARCH_PATHS = "$(inherited) @executable_path/Frameworks @loader_path/Frameworks";
				PRODUCT_BUNDLE_IDENTIFIER = com.insanj.ThrowupTests;
				PRODUCT_NAME = "$(TARGET_NAME)";
				SWIFT_VERSION = 3.0;
				TEST_HOST = "$(BUILT_PRODUCTS_DIR)/Throwup.app/Throwup";
			};
			name = Debug;
		};
		231CB5F01F4D1E4900D2F904 /* Release */ = {
			isa = XCBuildConfiguration;
			buildSettings = {
				ALWAYS_EMBED_SWIFT_STANDARD_LIBRARIES = YES;
				BUNDLE_LOADER = "$(TEST_HOST)";
				DEVELOPMENT_TEAM = 24X8MVUSCN;
				INFOPLIST_FILE = ThrowupTests/Info.plist;
				LD_RUNPATH_SEARCH_PATHS = "$(inherited) @executable_path/Frameworks @loader_path/Frameworks";
				PRODUCT_BUNDLE_IDENTIFIER = com.insanj.ThrowupTests;
				PRODUCT_NAME = "$(TARGET_NAME)";
				SWIFT_VERSION = 3.0;
				TEST_HOST = "$(BUILT_PRODUCTS_DIR)/Throwup.app/Throwup";
			};
			name = Release;
		};
		231CB5F21F4D1E4900D2F904 /* Debug */ = {
			isa = XCBuildConfiguration;
			buildSettings = {
				ALWAYS_EMBED_SWIFT_STANDARD_LIBRARIES = YES;
				DEVELOPMENT_TEAM = 24X8MVUSCN;
				INFOPLIST_FILE = ThrowupUITests/Info.plist;
				LD_RUNPATH_SEARCH_PATHS = "$(inherited) @executable_path/Frameworks @loader_path/Frameworks";
				PRODUCT_BUNDLE_IDENTIFIER = com.insanj.ThrowupUITests;
				PRODUCT_NAME = "$(TARGET_NAME)";
				SWIFT_VERSION = 3.0;
				TEST_TARGET_NAME = Throwup;
			};
			name = Debug;
		};
		231CB5F31F4D1E4900D2F904 /* Release */ = {
			isa = XCBuildConfiguration;
			buildSettings = {
				ALWAYS_EMBED_SWIFT_STANDARD_LIBRARIES = YES;
				DEVELOPMENT_TEAM = 24X8MVUSCN;
				INFOPLIST_FILE = ThrowupUITests/Info.plist;
				LD_RUNPATH_SEARCH_PATHS = "$(inherited) @executable_path/Frameworks @loader_path/Frameworks";
				PRODUCT_BUNDLE_IDENTIFIER = com.insanj.ThrowupUITests;
				PRODUCT_NAME = "$(TARGET_NAME)";
				SWIFT_VERSION = 3.0;
				TEST_TARGET_NAME = Throwup;
			};
			name = Release;
		};
/* End XCBuildConfiguration section */

/* Begin XCConfigurationList section */
		231CB5BE1F4D1E4900D2F904 /* Build configuration list for PBXProject "Throwup" */ = {
			isa = XCConfigurationList;
			buildConfigurations = (
				231CB5E91F4D1E4900D2F904 /* Debug */,
				231CB5EA1F4D1E4900D2F904 /* Release */,
			);
			defaultConfigurationIsVisible = 0;
			defaultConfigurationName = Release;
		};
		231CB5EB1F4D1E4900D2F904 /* Build configuration list for PBXNativeTarget "Throwup" */ = {
			isa = XCConfigurationList;
			buildConfigurations = (
				231CB5EC1F4D1E4900D2F904 /* Debug */,
				231CB5ED1F4D1E4900D2F904 /* Release */,
			);
			defaultConfigurationIsVisible = 0;
		};
		231CB5EE1F4D1E4900D2F904 /* Build configuration list for PBXNativeTarget "ThrowupTests" */ = {
			isa = XCConfigurationList;
			buildConfigurations = (
				231CB5EF1F4D1E4900D2F904 /* Debug */,
				231CB5F01F4D1E4900D2F904 /* Release */,
			);
			defaultConfigurationIsVisible = 0;
		};
		231CB5F11F4D1E4900D2F904 /* Build configuration list for PBXNativeTarget "ThrowupUITests" */ = {
			isa = XCConfigurationList;
			buildConfigurations = (
				231CB5F21F4D1E4900D2F904 /* Debug */,
				231CB5F31F4D1E4900D2F904 /* Release */,
			);
			defaultConfigurationIsVisible = 0;
		};
/* End XCConfigurationList section */
	};
	rootObject = 231CB5BB1F4D1E4900D2F904 /* Project object */;
}
